{
  "requires": true,
  "lockfileVersion": 1,
  "dependencies": {
    "angularjs-slider": {
      "version": "6.4.3",
      "resolved": "https://registry.npmjs.org/angularjs-slider/-/angularjs-slider-6.4.3.tgz",
      "integrity": "sha512-jnRO0MLIi+QvWlcqZLpoJK40YObPMHXPQQ5DwvVxkETzU+ONxm9yi7x1ZBZ51gJFi4g2BEYZwMTx665ZGx4dwg=="
    }
  }
}
